// !$*UTF8*$!
{
	archiveVersion = 1;
	classes = {
	};
	objectVersion = 55;
	objects = {

/* Begin PBXBuildFile section */
		369EEF3428BEF98F008E970E /* FructusApp.swift in Sources */ = {isa = PBXBuildFile; fileRef = 369EEF3328BEF98F008E970E /* FructusApp.swift */; };
		369EEF3628BEF98F008E970E /* ContentView.swift in Sources */ = {isa = PBXBuildFile; fileRef = 369EEF3528BEF98F008E970E /* ContentView.swift */; };
		369EEF3828BEF991008E970E /* Assets.xcassets in Resources */ = {isa = PBXBuildFile; fileRef = 369EEF3728BEF991008E970E /* Assets.xcassets */; };
		369EEF3B28BEF991008E970E /* Preview Assets.xcassets in Resources */ = {isa = PBXBuildFile; fileRef = 369EEF3A28BEF991008E970E /* Preview Assets.xcassets */; };
		369EEF4428BEFC00008E970E /* FruitCardView.swift in Sources */ = {isa = PBXBuildFile; fileRef = 369EEF4328BEFC00008E970E /* FruitCardView.swift */; };
		369EEF4628BEFF5C008E970E /* StartButtonView.swift in Sources */ = {isa = PBXBuildFile; fileRef = 369EEF4528BEFF5C008E970E /* StartButtonView.swift */; };
		369EEF4828BF014C008E970E /* OnboardingView.swift in Sources */ = {isa = PBXBuildFile; fileRef = 369EEF4728BF014C008E970E /* OnboardingView.swift */; };
		369EEF4B28BF2D14008E970E /* FruitModel.swift in Sources */ = {isa = PBXBuildFile; fileRef = 369EEF4A28BF2D14008E970E /* FruitModel.swift */; };
		369EEF4E28BF2DAC008E970E /* FruitData.swift in Sources */ = {isa = PBXBuildFile; fileRef = 369EEF4D28BF2DAC008E970E /* FruitData.swift */; };
		369EEF5028BF352B008E970E /* FruitRowView.swift in Sources */ = {isa = PBXBuildFile; fileRef = 369EEF4F28BF352B008E970E /* FruitRowView.swift */; };
		36E4F5E728C1CD9F0071FD7C /* FruitDetailView.swift in Sources */ = {isa = PBXBuildFile; fileRef = 36E4F5E628C1CD9F0071FD7C /* FruitDetailView.swift */; };
		36E4F5E928C1CFD40071FD7C /* FruitHeaderView.swift in Sources */ = {isa = PBXBuildFile; fileRef = 36E4F5E828C1CFD40071FD7C /* FruitHeaderView.swift */; };
		36E4F5EB28C1D1730071FD7C /* SourceLinkView.swift in Sources */ = {isa = PBXBuildFile; fileRef = 36E4F5EA28C1D1730071FD7C /* SourceLinkView.swift */; };
		36E4F5ED28C1D4120071FD7C /* FruitNutrientsView.swift in Sources */ = {isa = PBXBuildFile; fileRef = 36E4F5EC28C1D4120071FD7C /* FruitNutrientsView.swift */; };
		36E4F5EF28C1D9DD0071FD7C /* SettingsView.swift in Sources */ = {isa = PBXBuildFile; fileRef = 36E4F5EE28C1D9DD0071FD7C /* SettingsView.swift */; };
		36E4F5F128C1DDD10071FD7C /* SettingsLabelView.swift in Sources */ = {isa = PBXBuildFile; fileRef = 36E4F5F028C1DDD10071FD7C /* SettingsLabelView.swift */; };
		36E4F5F328C1E0490071FD7C /* SettingsRowView.swift in Sources */ = {isa = PBXBuildFile; fileRef = 36E4F5F228C1E0490071FD7C /* SettingsRowView.swift */; };
/* End PBXBuildFile section */

/* Begin PBXFileReference section */
		369EEF3028BEF98F008E970E /* Fructus.app */ = {isa = PBXFileReference; explicitFileType = wrapper.application; includeInIndex = 0; path = Fructus.app; sourceTree = BUILT_PRODUCTS_DIR; };
		369EEF3328BEF98F008E970E /* FructusApp.swift */ = {isa = PBXFileReference; lastKnownFileType = sourcecode.swift; path = FructusApp.swift; sourceTree = "<group>"; };
		369EEF3528BEF98F008E970E /* ContentView.swift */ = {isa = PBXFileReference; lastKnownFileType = sourcecode.swift; path = ContentView.swift; sourceTree = "<group>"; };
		369EEF3728BEF991008E970E /* Assets.xcassets */ = {isa = PBXFileReference; lastKnownFileType = folder.assetcatalog; path = Assets.xcassets; sourceTree = "<group>"; };
		369EEF3A28BEF991008E970E /* Preview Assets.xcassets */ = {isa = PBXFileReference; lastKnownFileType = folder.assetcatalog; path = "Preview Assets.xcassets"; sourceTree = "<group>"; };
		369EEF4328BEFC00008E970E /* FruitCardView.swift */ = {isa = PBXFileReference; lastKnownFileType = sourcecode.swift; path = FruitCardView.swift; sourceTree = "<group>"; };
		369EEF4528BEFF5C008E970E /* StartButtonView.swift */ = {isa = PBXFileReference; lastKnownFileType = sourcecode.swift; path = StartButtonView.swift; sourceTree = "<group>"; };
		369EEF4728BF014C008E970E /* OnboardingView.swift */ = {isa = PBXFileReference; lastKnownFileType = sourcecode.swift; path = OnboardingView.swift; sourceTree = "<group>"; };
		369EEF4A28BF2D14008E970E /* FruitModel.swift */ = {isa = PBXFileReference; lastKnownFileType = sourcecode.swift; path = FruitModel.swift; sourceTree = "<group>"; };
		369EEF4D28BF2DAC008E970E /* FruitData.swift */ = {isa = PBXFileReference; lastKnownFileType = sourcecode.swift; path = FruitData.swift; sourceTree = "<group>"; };
		369EEF4F28BF352B008E970E /* FruitRowView.swift */ = {isa = PBXFileReference; lastKnownFileType = sourcecode.swift; path = FruitRowView.swift; sourceTree = "<group>"; };
		36E4F5E628C1CD9F0071FD7C /* FruitDetailView.swift */ = {isa = PBXFileReference; lastKnownFileType = sourcecode.swift; path = FruitDetailView.swift; sourceTree = "<group>"; };
		36E4F5E828C1CFD40071FD7C /* FruitHeaderView.swift */ = {isa = PBXFileReference; lastKnownFileType = sourcecode.swift; path = FruitHeaderView.swift; sourceTree = "<group>"; };
		36E4F5EA28C1D1730071FD7C /* SourceLinkView.swift */ = {isa = PBXFileReference; lastKnownFileType = sourcecode.swift; path = SourceLinkView.swift; sourceTree = "<group>"; };
		36E4F5EC28C1D4120071FD7C /* FruitNutrientsView.swift */ = {isa = PBXFileReference; lastKnownFileType = sourcecode.swift; path = FruitNutrientsView.swift; sourceTree = "<group>"; };
		36E4F5EE28C1D9DD0071FD7C /* SettingsView.swift */ = {isa = PBXFileReference; lastKnownFileType = sourcecode.swift; path = SettingsView.swift; sourceTree = "<group>"; };
		36E4F5F028C1DDD10071FD7C /* SettingsLabelView.swift */ = {isa = PBXFileReference; lastKnownFileType = sourcecode.swift; path = SettingsLabelView.swift; sourceTree = "<group>"; };
		36E4F5F228C1E0490071FD7C /* SettingsRowView.swift */ = {isa = PBXFileReference; lastKnownFileType = sourcecode.swift; path = SettingsRowView.swift; sourceTree = "<group>"; };
/* End PBXFileReference section */

/* Begin PBXFrameworksBuildPhase section */
		369EEF2D28BEF98F008E970E /* Frameworks */ = {
			isa = PBXFrameworksBuildPhase;
			buildActionMask = 2147483647;
			files = (
			);
			runOnlyForDeploymentPostprocessing = 0;
		};
/* End PBXFrameworksBuildPhase section */

/* Begin PBXGroup section */
		369EEF2728BEF98F008E970E = {
			isa = PBXGroup;
			children = (
				369EEF3228BEF98F008E970E /* Fructus */,
				369EEF3128BEF98F008E970E /* Products */,
			);
			sourceTree = "<group>";
		};
		369EEF3128BEF98F008E970E /* Products */ = {
			isa = PBXGroup;
			children = (
				369EEF3028BEF98F008E970E /* Fructus.app */,
			);
			name = Products;
			sourceTree = "<group>";
		};
		369EEF3228BEF98F008E970E /* Fructus */ = {
			isa = PBXGroup;
			children = (
				369EEF4C28BF2D9D008E970E /* Data */,
				369EEF4928BF2D03008E970E /* Model */,
				369EEF4228BEFBE3008E970E /* View */,
				369EEF4128BEFBC1008E970E /* App */,
				369EEF3728BEF991008E970E /* Assets.xcassets */,
				369EEF3928BEF991008E970E /* Preview Content */,
			);
			path = Fructus;
			sourceTree = "<group>";
		};
		369EEF3928BEF991008E970E /* Preview Content */ = {
			isa = PBXGroup;
			children = (
				369EEF3A28BEF991008E970E /* Preview Assets.xcassets */,
			);
			path = "Preview Content";
			sourceTree = "<group>";
		};
		369EEF4128BEFBC1008E970E /* App */ = {
			isa = PBXGroup;
			children = (
				369EEF3328BEF98F008E970E /* FructusApp.swift */,
				369EEF3528BEF98F008E970E /* ContentView.swift */,
				369EEF4728BF014C008E970E /* OnboardingView.swift */,
				36E4F5E628C1CD9F0071FD7C /* FruitDetailView.swift */,
				36E4F5EE28C1D9DD0071FD7C /* SettingsView.swift */,
				36E4F5F228C1E0490071FD7C /* SettingsRowView.swift */,
			);
			path = App;
			sourceTree = "<group>";
		};
		369EEF4228BEFBE3008E970E /* View */ = {
			isa = PBXGroup;
			children = (
				369EEF4328BEFC00008E970E /* FruitCardView.swift */,
				369EEF4528BEFF5C008E970E /* StartButtonView.swift */,
				369EEF4F28BF352B008E970E /* FruitRowView.swift */,
				36E4F5E828C1CFD40071FD7C /* FruitHeaderView.swift */,
				36E4F5EA28C1D1730071FD7C /* SourceLinkView.swift */,
				36E4F5EC28C1D4120071FD7C /* FruitNutrientsView.swift */,
				36E4F5F028C1DDD10071FD7C /* SettingsLabelView.swift */,
			);
			path = View;
			sourceTree = "<group>";
		};
		369EEF4928BF2D03008E970E /* Model */ = {
			isa = PBXGroup;
			children = (
				369EEF4A28BF2D14008E970E /* FruitModel.swift */,
			);
			path = Model;
			sourceTree = "<group>";
		};
		369EEF4C28BF2D9D008E970E /* Data */ = {
			isa = PBXGroup;
			children = (
				369EEF4D28BF2DAC008E970E /* FruitData.swift */,
			);
			path = Data;
			sourceTree = "<group>";
		};
/* End PBXGroup section */

/* Begin PBXNativeTarget section */
		369EEF2F28BEF98F008E970E /* Fructus */ = {
			isa = PBXNativeTarget;
			buildConfigurationList = 369EEF3E28BEF991008E970E /* Build configuration list for PBXNativeTarget "Fructus" */;
			buildPhases = (
				369EEF2C28BEF98F008E970E /* Sources */,
				369EEF2D28BEF98F008E970E /* Frameworks */,
				369EEF2E28BEF98F008E970E /* Resources */,
			);
			buildRules = (
			);
			dependencies = (
			);
			name = Fructus;
			productName = Fructus;
			productReference = 369EEF3028BEF98F008E970E /* Fructus.app */;
			productType = "com.apple.product-type.application";
		};
/* End PBXNativeTarget section */

/* Begin PBXProject section */
		369EEF2828BEF98F008E970E /* Project object */ = {
			isa = PBXProject;
			attributes = {
				BuildIndependentTargetsInParallel = 1;
				LastSwiftUpdateCheck = 1330;
				LastUpgradeCheck = 1330;
				TargetAttributes = {
					369EEF2F28BEF98F008E970E = {
						CreatedOnToolsVersion = 13.3;
					};
				};
			};
			buildConfigurationList = 369EEF2B28BEF98F008E970E /* Build configuration list for PBXProject "Fructus" */;
			compatibilityVersion = "Xcode 13.0";
			developmentRegion = en;
			hasScannedForEncodings = 0;
			knownRegions = (
				en,
				Base,
			);
			mainGroup = 369EEF2728BEF98F008E970E;
			productRefGroup = 369EEF3128BEF98F008E970E /* Products */;
			projectDirPath = "";
			projectRoot = "";
			targets = (
				369EEF2F28BEF98F008E970E /* Fructus */,
			);
		};
/* End PBXProject section */

/* Begin PBXResourcesBuildPhase section */
		369EEF2E28BEF98F008E970E /* Resources */ = {
			isa = PBXResourcesBuildPhase;
			buildActionMask = 2147483647;
			files = (
				369EEF3B28BEF991008E970E /* Preview Assets.xcassets in Resources */,
				369EEF3828BEF991008E970E /* Assets.xcassets in Resources */,
			);
			runOnlyForDeploymentPostprocessing = 0;
		};
/* End PBXResourcesBuildPhase section */

/* Begin PBXSourcesBuildPhase section */
		369EEF2C28BEF98F008E970E /* Sources */ = {
			isa = PBXSourcesBuildPhase;
			buildActionMask = 2147483647;
			files = (
				369EEF4E28BF2DAC008E970E /* FruitData.swift in Sources */,
				36E4F5EB28C1D1730071FD7C /* SourceLinkView.swift in Sources */,
				36E4F5F328C1E0490071FD7C /* SettingsRowView.swift in Sources */,
				369EEF4428BEFC00008E970E /* FruitCardView.swift in Sources */,
				369EEF5028BF352B008E970E /* FruitRowView.swift in Sources */,
				36E4F5ED28C1D4120071FD7C /* FruitNutrientsView.swift in Sources */,
				369EEF4628BEFF5C008E970E /* StartButtonView.swift in Sources */,
				36E4F5E728C1CD9F0071FD7C /* FruitDetailView.swift in Sources */,
				369EEF3628BEF98F008E970E /* ContentView.swift in Sources */,
				36E4F5E928C1CFD40071FD7C /* FruitHeaderView.swift in Sources */,
				369EEF4828BF014C008E970E /* OnboardingView.swift in Sources */,
				36E4F5F128C1DDD10071FD7C /* SettingsLabelView.swift in Sources */,
				369EEF4B28BF2D14008E970E /* FruitModel.swift in Sources */,
				369EEF3428BEF98F008E970E /* FructusApp.swift in Sources */,
				36E4F5EF28C1D9DD0071FD7C /* SettingsView.swift in Sources */,
			);
			runOnlyForDeploymentPostprocessing = 0;
		};
/* End PBXSourcesBuildPhase section */

/* Begin XCBuildConfiguration section */
		369EEF3C28BEF991008E970E /* Debug */ = {
			isa = XCBuildConfiguration;
			buildSettings = {
				ALWAYS_SEARCH_USER_PATHS = NO;
				CLANG_ANALYZER_NONNULL = YES;
				CLANG_ANALYZER_NUMBER_OBJECT_CONVERSION = YES_AGGRESSIVE;
				CLANG_CXX_LANGUAGE_STANDARD = "gnu++17";
				CLANG_ENABLE_MODULES = YES;
				CLANG_ENABLE_OBJC_ARC = YES;
				CLANG_ENABLE_OBJC_WEAK = YES;
				CLANG_WARN_BLOCK_CAPTURE_AUTORELEASING = YES;
				CLANG_WARN_BOOL_CONVERSION = YES;
				CLANG_WARN_COMMA = YES;
				CLANG_WARN_CONSTANT_CONVERSION = YES;
				CLANG_WARN_DEPRECATED_OBJC_IMPLEMENTATIONS = YES;
				CLANG_WARN_DIRECT_OBJC_ISA_USAGE = YES_ERROR;
				CLANG_WARN_DOCUMENTATION_COMMENTS = YES;
				CLANG_WARN_EMPTY_BODY = YES;
				CLANG_WARN_ENUM_CONVERSION = YES;
				CLANG_WARN_INFINITE_RECURSION = YES;
				CLANG_WARN_INT_CONVERSION = YES;
				CLANG_WARN_NON_LITERAL_NULL_CONVERSION = YES;
				CLANG_WARN_OBJC_IMPLICIT_RETAIN_SELF = YES;
				CLANG_WARN_OBJC_LITERAL_CONVERSION = YES;
				CLANG_WARN_OBJC_ROOT_CLASS = YES_ERROR;
				CLANG_WARN_QUOTED_INCLUDE_IN_FRAMEWORK_HEADER = YES;
				CLANG_WARN_RANGE_LOOP_ANALYSIS = YES;
				CLANG_WARN_STRICT_PROTOTYPES = YES;
				CLANG_WARN_SUSPICIOUS_MOVE = YES;
				CLANG_WARN_UNGUARDED_AVAILABILITY = YES_AGGRESSIVE;
				CLANG_WARN_UNREACHABLE_CODE = YES;
				CLANG_WARN__DUPLICATE_METHOD_MATCH = YES;
				COPY_PHASE_STRIP = NO;
				DEBUG_INFORMATION_FORMAT = dwarf;
				ENABLE_STRICT_OBJC_MSGSEND = YES;
				ENABLE_TESTABILITY = YES;
				GCC_C_LANGUAGE_STANDARD = gnu11;
				GCC_DYNAMIC_NO_PIC = NO;
				GCC_NO_COMMON_BLOCKS = YES;
				GCC_OPTIMIZATION_LEVEL = 0;
				GCC_PREPROCESSOR_DEFINITIONS = (
					"DEBUG=1",
					"$(inherited)",
				);
				GCC_WARN_64_TO_32_BIT_CONVERSION = YES;
				GCC_WARN_ABOUT_RETURN_TYPE = YES_ERROR;
				GCC_WARN_UNDECLARED_SELECTOR = YES;
				GCC_WARN_UNINITIALIZED_AUTOS = YES_AGGRESSIVE;
				GCC_WARN_UNUSED_FUNCTION = YES;
				GCC_WARN_UNUSED_VARIABLE = YES;
				IPHONEOS_DEPLOYMENT_TARGET = 15.4;
				MTL_ENABLE_DEBUG_INFO = INCLUDE_SOURCE;
				MTL_FAST_MATH = YES;
				ONLY_ACTIVE_ARCH = YES;
				SDKROOT = iphoneos;
				SWIFT_ACTIVE_COMPILATION_CONDITIONS = DEBUG;
				SWIFT_OPTIMIZATION_LEVEL = "-Onone";
			};
			name = Debug;
		};
		369EEF3D28BEF991008E970E /* Release */ = {
			isa = XCBuildConfiguration;
			buildSettings = {
				ALWAYS_SEARCH_USER_PATHS = NO;
				CLANG_ANALYZER_NONNULL = YES;
				CLANG_ANALYZER_NUMBER_OBJECT_CONVERSION = YES_AGGRESSIVE;
				CLANG_CXX_LANGUAGE_STANDARD = "gnu++17";
				CLANG_ENABLE_MODULES = YES;
				CLANG_ENABLE_OBJC_ARC = YES;
				CLANG_ENABLE_OBJC_WEAK = YES;
				CLANG_WARN_BLOCK_CAPTURE_AUTORELEASING = YES;
				CLANG_WARN_BOOL_CONVERSION = YES;
				CLANG_WARN_COMMA = YES;
				CLANG_WARN_CONSTANT_CONVERSION = YES;
				CLANG_WARN_DEPRECATED_OBJC_IMPLEMENTATIONS = YES;
				CLANG_WARN_DIRECT_OBJC_ISA_USAGE = YES_ERROR;
				CLANG_WARN_DOCUMENTATION_COMMENTS = YES;
				CLANG_WARN_EMPTY_BODY = YES;
				CLANG_WARN_ENUM_CONVERSION = YES;
				CLANG_WARN_INFINITE_RECURSION = YES;
				CLANG_WARN_INT_CONVERSION = YES;
				CLANG_WARN_NON_LITERAL_NULL_CONVERSION = YES;
				CLANG_WARN_OBJC_IMPLICIT_RETAIN_SELF = YES;
				CLANG_WARN_OBJC_LITERAL_CONVERSION = YES;
				CLANG_WARN_OBJC_ROOT_CLASS = YES_ERROR;
				CLANG_WARN_QUOTED_INCLUDE_IN_FRAMEWORK_HEADER = YES;
				CLANG_WARN_RANGE_LOOP_ANALYSIS = YES;
				CLANG_WARN_STRICT_PROTOTYPES = YES;
				CLANG_WARN_SUSPICIOUS_MOVE = YES;
				CLANG_WARN_UNGUARDED_AVAILABILITY = YES_AGGRESSIVE;
				CLANG_WARN_UNREACHABLE_CODE = YES;
				CLANG_WARN__DUPLICATE_METHOD_MATCH = YES;
				COPY_PHASE_STRIP = NO;
				DEBUG_INFORMATION_FORMAT = "dwarf-with-dsym";
				ENABLE_NS_ASSERTIONS = NO;
				ENABLE_STRICT_OBJC_MSGSEND = YES;
				GCC_C_LANGUAGE_STANDARD = gnu11;
				GCC_NO_COMMON_BLOCKS = YES;
				GCC_WARN_64_TO_32_BIT_CONVERSION = YES;
				GCC_WARN_ABOUT_RETURN_TYPE = YES_ERROR;
				GCC_WARN_UNDECLARED_SELECTOR = YES;
				GCC_WARN_UNINITIALIZED_AUTOS = YES_AGGRESSIVE;
				GCC_WARN_UNUSED_FUNCTION = YES;
				GCC_WARN_UNUSED_VARIABLE = YES;
				IPHONEOS_DEPLOYMENT_TARGET = 15.4;
				MTL_ENABLE_DEBUG_INFO = NO;
				MTL_FAST_MATH = YES;
				SDKROOT = iphoneos;
				SWIFT_COMPILATION_MODE = wholemodule;
				SWIFT_OPTIMIZATION_LEVEL = "-O";
				VALIDATE_PRODUCT = YES;
			};
			name = Release;
		};
		369EEF3F28BEF991008E970E /* Debug */ = {
			isa = XCBuildConfiguration;
			buildSettings = {
				ASSETCATALOG_COMPILER_APPICON_NAME = AppIcon;
				ASSETCATALOG_COMPILER_GLOBAL_ACCENT_COLOR_NAME = AccentColor;
				CODE_SIGN_STYLE = Automatic;
				CURRENT_PROJECT_VERSION = 1;
				DEVELOPMENT_ASSET_PATHS = "\"Fructus/Preview Content\"";
				ENABLE_PREVIEWS = YES;
				GENERATE_INFOPLIST_FILE = YES;
				INFOPLIST_KEY_UIApplicationSceneManifest_Generation = YES;
				INFOPLIST_KEY_UIApplicationSupportsIndirectInputEvents = YES;
				INFOPLIST_KEY_UILaunchScreen_Generation = YES;
				INFOPLIST_KEY_UISupportedInterfaceOrientations = UIInterfaceOrientationPortrait;
				INFOPLIST_KEY_UISupportedInterfaceOrientations_iPad = "UIInterfaceOrientationPortrait UIInterfaceOrientationPortraitUpsideDown UIInterfaceOrientationLandscapeLeft UIInterfaceOrientationLandscapeRight";
				INFOPLIST_KEY_UISupportedInterfaceOrientations_iPhone = "UIInterfaceOrientationPortrait UIInterfaceOrientationLandscapeLeft UIInterfaceOrientationLandscapeRight";
				LD_RUNPATH_SEARCH_PATHS = (
					"$(inherited)",
					"@executable_path/Frameworks",
				);
				MARKETING_VERSION = 1.0;
				PRODUCT_BUNDLE_IDENTIFIER = io.cami.Fructus;
				PRODUCT_NAME = "$(TARGET_NAME)";
				SWIFT_EMIT_LOC_STRINGS = YES;
				SWIFT_VERSION = 5.0;
				TARGETED_DEVICE_FAMILY = "1,2";
			};
			name = Debug;
		};
		369EEF4028BEF991008E970E /* Release */ = {
			isa = XCBuildConfiguration;
			buildSettings = {
				ASSETCATALOG_COMPILER_APPICON_NAME = AppIcon;
				ASSETCATALOG_COMPILER_GLOBAL_ACCENT_COLOR_NAME = AccentColor;
				CODE_SIGN_STYLE = Automatic;
				CURRENT_PROJECT_VERSION = 1;
				DEVELOPMENT_ASSET_PATHS = "\"Fructus/Preview Content\"";
				ENABLE_PREVIEWS = YES;
				GENERATE_INFOPLIST_FILE = YES;
				INFOPLIST_KEY_UIApplicationSceneManifest_Generation = YES;
				INFOPLIST_KEY_UIApplicationSupportsIndirectInputEvents = YES;
				INFOPLIST_KEY_UILaunchScreen_Generation = YES;
				INFOPLIST_KEY_UISupportedInterfaceOrientations = UIInterfaceOrientationPortrait;
				INFOPLIST_KEY_UISupportedInterfaceOrientations_iPad = "UIInterfaceOrientationPortrait UIInterfaceOrientationPortraitUpsideDown UIInterfaceOrientationLandscapeLeft UIInterfaceOrientationLandscapeRight";
				INFOPLIST_KEY_UISupportedInterfaceOrientations_iPhone = "UIInterfaceOrientationPortrait UIInterfaceOrientationLandscapeLeft UIInterfaceOrientationLandscapeRight";
				LD_RUNPATH_SEARCH_PATHS = (
					"$(inherited)",
					"@executable_path/Frameworks",
				);
				MARKETING_VERSION = 1.0;
				PRODUCT_BUNDLE_IDENTIFIER = io.cami.Fructus;
				PRODUCT_NAME = "$(TARGET_NAME)";
				SWIFT_EMIT_LOC_STRINGS = YES;
				SWIFT_VERSION = 5.0;
				TARGETED_DEVICE_FAMILY = "1,2";
			};
			name = Release;
		};
/* End XCBuildConfiguration section */

/* Begin XCConfigurationList section */
		369EEF2B28BEF98F008E970E /* Build configuration list for PBXProject "Fructus" */ = {
			isa = XCConfigurationList;
			buildConfigurations = (
				369EEF3C28BEF991008E970E /* Debug */,
				369EEF3D28BEF991008E970E /* Release */,
			);
			defaultConfigurationIsVisible = 0;
			defaultConfigurationName = Release;
		};
		369EEF3E28BEF991008E970E /* Build configuration list for PBXNativeTarget "Fructus" */ = {
			isa = XCConfigurationList;
			buildConfigurations = (
				369EEF3F28BEF991008E970E /* Debug */,
				369EEF4028BEF991008E970E /* Release */,
			);
			defaultConfigurationIsVisible = 0;
			defaultConfigurationName = Release;
		};
/* End XCConfigurationList section */
	};
	rootObject = 369EEF2828BEF98F008E970E /* Project object */;
}
