// !$*UTF8*$!
{
	archiveVersion = 1;
	classes = {
	};
	objectVersion = 55;
	objects = {

/* Begin PBXBuildFile section */
		363423C328C5ABB5004E08D9 /* PINCHApp.swift in Sources */ = {isa = PBXBuildFile; fileRef = 363423C228C5ABB5004E08D9 /* PINCHApp.swift */; };
		363423C528C5ABB5004E08D9 /* ContentView.swift in Sources */ = {isa = PBXBuildFile; fileRef = 363423C428C5ABB5004E08D9 /* ContentView.swift */; };
		363423C728C5ABB8004E08D9 /* Assets.xcassets in Resources */ = {isa = PBXBuildFile; fileRef = 363423C628C5ABB8004E08D9 /* Assets.xcassets */; };
		363423CA28C5ABB8004E08D9 /* Preview Assets.xcassets in Resources */ = {isa = PBXBuildFile; fileRef = 363423C928C5ABB8004E08D9 /* Preview Assets.xcassets */; };
		363423D828C5BD29004E08D9 /* InfoPanelView.swift in Sources */ = {isa = PBXBuildFile; fileRef = 363423D728C5BD29004E08D9 /* InfoPanelView.swift */; };
		36F7B4AB28C99DF700FFE3A9 /* ControlImageView.swift in Sources */ = {isa = PBXBuildFile; fileRef = 36F7B4AA28C99DF700FFE3A9 /* ControlImageView.swift */; };
		36F7B4AD28C9A60900FFE3A9 /* PageModel.swift in Sources */ = {isa = PBXBuildFile; fileRef = 36F7B4AC28C9A60900FFE3A9 /* PageModel.swift */; };
		36F7B4AF28C9AC3800FFE3A9 /* PageData.swift in Sources */ = {isa = PBXBuildFile; fileRef = 36F7B4AE28C9AC3700FFE3A9 /* PageData.swift */; };
/* End PBXBuildFile section */

/* Begin PBXFileReference section */
		363423BF28C5ABB5004E08D9 /* PINCH.app */ = {isa = PBXFileReference; explicitFileType = wrapper.application; includeInIndex = 0; path = PINCH.app; sourceTree = BUILT_PRODUCTS_DIR; };
		363423C228C5ABB5004E08D9 /* PINCHApp.swift */ = {isa = PBXFileReference; lastKnownFileType = sourcecode.swift; path = PINCHApp.swift; sourceTree = "<group>"; };
		363423C428C5ABB5004E08D9 /* ContentView.swift */ = {isa = PBXFileReference; lastKnownFileType = sourcecode.swift; path = ContentView.swift; sourceTree = "<group>"; };
		363423C628C5ABB8004E08D9 /* Assets.xcassets */ = {isa = PBXFileReference; lastKnownFileType = folder.assetcatalog; path = Assets.xcassets; sourceTree = "<group>"; };
		363423C928C5ABB8004E08D9 /* Preview Assets.xcassets */ = {isa = PBXFileReference; lastKnownFileType = folder.assetcatalog; path = "Preview Assets.xcassets"; sourceTree = "<group>"; };
		363423D728C5BD29004E08D9 /* InfoPanelView.swift */ = {isa = PBXFileReference; lastKnownFileType = sourcecode.swift; path = InfoPanelView.swift; sourceTree = "<group>"; };
		36F7B4AA28C99DF700FFE3A9 /* ControlImageView.swift */ = {isa = PBXFileReference; lastKnownFileType = sourcecode.swift; path = ControlImageView.swift; sourceTree = "<group>"; };
		36F7B4AC28C9A60900FFE3A9 /* PageModel.swift */ = {isa = PBXFileReference; lastKnownFileType = sourcecode.swift; path = PageModel.swift; sourceTree = "<group>"; };
		36F7B4AE28C9AC3700FFE3A9 /* PageData.swift */ = {isa = PBXFileReference; lastKnownFileType = sourcecode.swift; path = PageData.swift; sourceTree = "<group>"; };
/* End PBXFileReference section */

/* Begin PBXFrameworksBuildPhase section */
		363423BC28C5ABB5004E08D9 /* Frameworks */ = {
			isa = PBXFrameworksBuildPhase;
			buildActionMask = 2147483647;
			files = (
			);
			runOnlyForDeploymentPostprocessing = 0;
		};
/* End PBXFrameworksBuildPhase section */

/* Begin PBXGroup section */
		363423B628C5ABB4004E08D9 = {
			isa = PBXGroup;
			children = (
				363423C128C5ABB5004E08D9 /* PINCH */,
				363423C028C5ABB5004E08D9 /* Products */,
			);
			sourceTree = "<group>";
		};
		363423C028C5ABB5004E08D9 /* Products */ = {
			isa = PBXGroup;
			children = (
				363423BF28C5ABB5004E08D9 /* PINCH.app */,
			);
			name = Products;
			sourceTree = "<group>";
		};
		363423C128C5ABB5004E08D9 /* PINCH */ = {
			isa = PBXGroup;
			children = (
				363423D628C5AD3F004E08D9 /* View */,
				363423D528C5AD37004E08D9 /* Model */,
				363423D428C5AD33004E08D9 /* Data */,
				363423C228C5ABB5004E08D9 /* PINCHApp.swift */,
				363423D128C5AD05004E08D9 /* Screen */,
				363423C628C5ABB8004E08D9 /* Assets.xcassets */,
				363423C828C5ABB8004E08D9 /* Preview Content */,
			);
			path = PINCH;
			sourceTree = "<group>";
		};
		363423C828C5ABB8004E08D9 /* Preview Content */ = {
			isa = PBXGroup;
			children = (
				363423C928C5ABB8004E08D9 /* Preview Assets.xcassets */,
			);
			path = "Preview Content";
			sourceTree = "<group>";
		};
		363423D128C5AD05004E08D9 /* Screen */ = {
			isa = PBXGroup;
			children = (
				363423C428C5ABB5004E08D9 /* ContentView.swift */,
			);
			path = Screen;
			sourceTree = "<group>";
		};
		363423D428C5AD33004E08D9 /* Data */ = {
			isa = PBXGroup;
			children = (
				36F7B4AE28C9AC3700FFE3A9 /* PageData.swift */,
			);
			path = Data;
			sourceTree = "<group>";
		};
		363423D528C5AD37004E08D9 /* Model */ = {
			isa = PBXGroup;
			children = (
				36F7B4AC28C9A60900FFE3A9 /* PageModel.swift */,
			);
			path = Model;
			sourceTree = "<group>";
		};
		363423D628C5AD3F004E08D9 /* View */ = {
			isa = PBXGroup;
			children = (
				363423D728C5BD29004E08D9 /* InfoPanelView.swift */,
				36F7B4AA28C99DF700FFE3A9 /* ControlImageView.swift */,
			);
			path = View;
			sourceTree = "<group>";
		};
/* End PBXGroup section */

/* Begin PBXNativeTarget section */
		363423BE28C5ABB5004E08D9 /* PINCH */ = {
			isa = PBXNativeTarget;
			buildConfigurationList = 363423CD28C5ABB8004E08D9 /* Build configuration list for PBXNativeTarget "PINCH" */;
			buildPhases = (
				363423BB28C5ABB5004E08D9 /* Sources */,
				363423BC28C5ABB5004E08D9 /* Frameworks */,
				363423BD28C5ABB5004E08D9 /* Resources */,
			);
			buildRules = (
			);
			dependencies = (
			);
			name = PINCH;
			productName = PINCH;
			productReference = 363423BF28C5ABB5004E08D9 /* PINCH.app */;
			productType = "com.apple.product-type.application";
		};
/* End PBXNativeTarget section */

/* Begin PBXProject section */
		363423B728C5ABB4004E08D9 /* Project object */ = {
			isa = PBXProject;
			attributes = {
				BuildIndependentTargetsInParallel = 1;
				LastSwiftUpdateCheck = 1330;
				LastUpgradeCheck = 1330;
				TargetAttributes = {
					363423BE28C5ABB5004E08D9 = {
						CreatedOnToolsVersion = 13.3;
					};
				};
			};
			buildConfigurationList = 363423BA28C5ABB4004E08D9 /* Build configuration list for PBXProject "PINCH" */;
			compatibilityVersion = "Xcode 13.0";
			developmentRegion = en;
			hasScannedForEncodings = 0;
			knownRegions = (
				en,
				Base,
			);
			mainGroup = 363423B628C5ABB4004E08D9;
			productRefGroup = 363423C028C5ABB5004E08D9 /* Products */;
			projectDirPath = "";
			projectRoot = "";
			targets = (
				363423BE28C5ABB5004E08D9 /* PINCH */,
			);
		};
/* End PBXProject section */

/* Begin PBXResourcesBuildPhase section */
		363423BD28C5ABB5004E08D9 /* Resources */ = {
			isa = PBXResourcesBuildPhase;
			buildActionMask = 2147483647;
			files = (
				363423CA28C5ABB8004E08D9 /* Preview Assets.xcassets in Resources */,
				363423C728C5ABB8004E08D9 /* Assets.xcassets in Resources */,
			);
			runOnlyForDeploymentPostprocessing = 0;
		};
/* End PBXResourcesBuildPhase section */

/* Begin PBXSourcesBuildPhase section */
		363423BB28C5ABB5004E08D9 /* Sources */ = {
			isa = PBXSourcesBuildPhase;
			buildActionMask = 2147483647;
			files = (
				36F7B4AB28C99DF700FFE3A9 /* ControlImageView.swift in Sources */,
				36F7B4AD28C9A60900FFE3A9 /* PageModel.swift in Sources */,
				363423C528C5ABB5004E08D9 /* ContentView.swift in Sources */,
				363423C328C5ABB5004E08D9 /* PINCHApp.swift in Sources */,
				36F7B4AF28C9AC3800FFE3A9 /* PageData.swift in Sources */,
				363423D828C5BD29004E08D9 /* InfoPanelView.swift in Sources */,
			);
			runOnlyForDeploymentPostprocessing = 0;
		};
/* End PBXSourcesBuildPhase section */

/* Begin XCBuildConfiguration section */
		363423CB28C5ABB8004E08D9 /* Debug */ = {
			isa = XCBuildConfiguration;
			buildSettings = {
				ALWAYS_SEARCH_USER_PATHS = NO;
				CLANG_ANALYZER_NONNULL = YES;
				CLANG_ANALYZER_NUMBER_OBJECT_CONVERSION = YES_AGGRESSIVE;
				CLANG_CXX_LANGUAGE_STANDARD = "gnu++17";
				CLANG_ENABLE_MODULES = YES;
				CLANG_ENABLE_OBJC_ARC = YES;
				CLANG_ENABLE_OBJC_WEAK = YES;
				CLANG_WARN_BLOCK_CAPTURE_AUTORELEASING = YES;
				CLANG_WARN_BOOL_CONVERSION = YES;
				CLANG_WARN_COMMA = YES;
				CLANG_WARN_CONSTANT_CONVERSION = YES;
				CLANG_WARN_DEPRECATED_OBJC_IMPLEMENTATIONS = YES;
				CLANG_WARN_DIRECT_OBJC_ISA_USAGE = YES_ERROR;
				CLANG_WARN_DOCUMENTATION_COMMENTS = YES;
				CLANG_WARN_EMPTY_BODY = YES;
				CLANG_WARN_ENUM_CONVERSION = YES;
				CLANG_WARN_INFINITE_RECURSION = YES;
				CLANG_WARN_INT_CONVERSION = YES;
				CLANG_WARN_NON_LITERAL_NULL_CONVERSION = YES;
				CLANG_WARN_OBJC_IMPLICIT_RETAIN_SELF = YES;
				CLANG_WARN_OBJC_LITERAL_CONVERSION = YES;
				CLANG_WARN_OBJC_ROOT_CLASS = YES_ERROR;
				CLANG_WARN_QUOTED_INCLUDE_IN_FRAMEWORK_HEADER = YES;
				CLANG_WARN_RANGE_LOOP_ANALYSIS = YES;
				CLANG_WARN_STRICT_PROTOTYPES = YES;
				CLANG_WARN_SUSPICIOUS_MOVE = YES;
				CLANG_WARN_UNGUARDED_AVAILABILITY = YES_AGGRESSIVE;
				CLANG_WARN_UNREACHABLE_CODE = YES;
				CLANG_WARN__DUPLICATE_METHOD_MATCH = YES;
				COPY_PHASE_STRIP = NO;
				DEBUG_INFORMATION_FORMAT = dwarf;
				ENABLE_STRICT_OBJC_MSGSEND = YES;
				ENABLE_TESTABILITY = YES;
				GCC_C_LANGUAGE_STANDARD = gnu11;
				GCC_DYNAMIC_NO_PIC = NO;
				GCC_NO_COMMON_BLOCKS = YES;
				GCC_OPTIMIZATION_LEVEL = 0;
				GCC_PREPROCESSOR_DEFINITIONS = (
					"DEBUG=1",
					"$(inherited)",
				);
				GCC_WARN_64_TO_32_BIT_CONVERSION = YES;
				GCC_WARN_ABOUT_RETURN_TYPE = YES_ERROR;
				GCC_WARN_UNDECLARED_SELECTOR = YES;
				GCC_WARN_UNINITIALIZED_AUTOS = YES_AGGRESSIVE;
				GCC_WARN_UNUSED_FUNCTION = YES;
				GCC_WARN_UNUSED_VARIABLE = YES;
				IPHONEOS_DEPLOYMENT_TARGET = 15.4;
				MTL_ENABLE_DEBUG_INFO = INCLUDE_SOURCE;
				MTL_FAST_MATH = YES;
				ONLY_ACTIVE_ARCH = YES;
				SDKROOT = iphoneos;
				SWIFT_ACTIVE_COMPILATION_CONDITIONS = DEBUG;
				SWIFT_OPTIMIZATION_LEVEL = "-Onone";
			};
			name = Debug;
		};
		363423CC28C5ABB8004E08D9 /* Release */ = {
			isa = XCBuildConfiguration;
			buildSettings = {
				ALWAYS_SEARCH_USER_PATHS = NO;
				CLANG_ANALYZER_NONNULL = YES;
				CLANG_ANALYZER_NUMBER_OBJECT_CONVERSION = YES_AGGRESSIVE;
				CLANG_CXX_LANGUAGE_STANDARD = "gnu++17";
				CLANG_ENABLE_MODULES = YES;
				CLANG_ENABLE_OBJC_ARC = YES;
				CLANG_ENABLE_OBJC_WEAK = YES;
				CLANG_WARN_BLOCK_CAPTURE_AUTORELEASING = YES;
				CLANG_WARN_BOOL_CONVERSION = YES;
				CLANG_WARN_COMMA = YES;
				CLANG_WARN_CONSTANT_CONVERSION = YES;
				CLANG_WARN_DEPRECATED_OBJC_IMPLEMENTATIONS = YES;
				CLANG_WARN_DIRECT_OBJC_ISA_USAGE = YES_ERROR;
				CLANG_WARN_DOCUMENTATION_COMMENTS = YES;
				CLANG_WARN_EMPTY_BODY = YES;
				CLANG_WARN_ENUM_CONVERSION = YES;
				CLANG_WARN_INFINITE_RECURSION = YES;
				CLANG_WARN_INT_CONVERSION = YES;
				CLANG_WARN_NON_LITERAL_NULL_CONVERSION = YES;
				CLANG_WARN_OBJC_IMPLICIT_RETAIN_SELF = YES;
				CLANG_WARN_OBJC_LITERAL_CONVERSION = YES;
				CLANG_WARN_OBJC_ROOT_CLASS = YES_ERROR;
				CLANG_WARN_QUOTED_INCLUDE_IN_FRAMEWORK_HEADER = YES;
				CLANG_WARN_RANGE_LOOP_ANALYSIS = YES;
				CLANG_WARN_STRICT_PROTOTYPES = YES;
				CLANG_WARN_SUSPICIOUS_MOVE = YES;
				CLANG_WARN_UNGUARDED_AVAILABILITY = YES_AGGRESSIVE;
				CLANG_WARN_UNREACHABLE_CODE = YES;
				CLANG_WARN__DUPLICATE_METHOD_MATCH = YES;
				COPY_PHASE_STRIP = NO;
				DEBUG_INFORMATION_FORMAT = "dwarf-with-dsym";
				ENABLE_NS_ASSERTIONS = NO;
				ENABLE_STRICT_OBJC_MSGSEND = YES;
				GCC_C_LANGUAGE_STANDARD = gnu11;
				GCC_NO_COMMON_BLOCKS = YES;
				GCC_WARN_64_TO_32_BIT_CONVERSION = YES;
				GCC_WARN_ABOUT_RETURN_TYPE = YES_ERROR;
				GCC_WARN_UNDECLARED_SELECTOR = YES;
				GCC_WARN_UNINITIALIZED_AUTOS = YES_AGGRESSIVE;
				GCC_WARN_UNUSED_FUNCTION = YES;
				GCC_WARN_UNUSED_VARIABLE = YES;
				IPHONEOS_DEPLOYMENT_TARGET = 15.4;
				MTL_ENABLE_DEBUG_INFO = NO;
				MTL_FAST_MATH = YES;
				SDKROOT = iphoneos;
				SWIFT_COMPILATION_MODE = wholemodule;
				SWIFT_OPTIMIZATION_LEVEL = "-O";
				VALIDATE_PRODUCT = YES;
			};
			name = Release;
		};
		363423CE28C5ABB8004E08D9 /* Debug */ = {
			isa = XCBuildConfiguration;
			buildSettings = {
				ASSETCATALOG_COMPILER_APPICON_NAME = AppIcon;
				ASSETCATALOG_COMPILER_GLOBAL_ACCENT_COLOR_NAME = AccentColor;
				CODE_SIGN_STYLE = Automatic;
				CURRENT_PROJECT_VERSION = 1;
				DEVELOPMENT_ASSET_PATHS = "\"PINCH/Preview Content\"";
				ENABLE_PREVIEWS = YES;
				GENERATE_INFOPLIST_FILE = YES;
				INFOPLIST_KEY_UIApplicationSceneManifest_Generation = YES;
				INFOPLIST_KEY_UIApplicationSupportsIndirectInputEvents = YES;
				INFOPLIST_KEY_UILaunchScreen_Generation = YES;
				INFOPLIST_KEY_UISupportedInterfaceOrientations = UIInterfaceOrientationPortrait;
				INFOPLIST_KEY_UISupportedInterfaceOrientations_iPad = "UIInterfaceOrientationPortrait UIInterfaceOrientationPortraitUpsideDown UIInterfaceOrientationLandscapeLeft UIInterfaceOrientationLandscapeRight";
				INFOPLIST_KEY_UISupportedInterfaceOrientations_iPhone = UIInterfaceOrientationPortrait;
				LD_RUNPATH_SEARCH_PATHS = (
					"$(inherited)",
					"@executable_path/Frameworks",
				);
				MARKETING_VERSION = 1.0;
				PRODUCT_BUNDLE_IDENTIFIER = io.cami.PINCH;
				PRODUCT_NAME = "$(TARGET_NAME)";
				SWIFT_EMIT_LOC_STRINGS = YES;
				SWIFT_VERSION = 5.0;
				TARGETED_DEVICE_FAMILY = "1,2";
			};
			name = Debug;
		};
		363423CF28C5ABB8004E08D9 /* Release */ = {
			isa = XCBuildConfiguration;
			buildSettings = {
				ASSETCATALOG_COMPILER_APPICON_NAME = AppIcon;
				ASSETCATALOG_COMPILER_GLOBAL_ACCENT_COLOR_NAME = AccentColor;
				CODE_SIGN_STYLE = Automatic;
				CURRENT_PROJECT_VERSION = 1;
				DEVELOPMENT_ASSET_PATHS = "\"PINCH/Preview Content\"";
				ENABLE_PREVIEWS = YES;
				GENERATE_INFOPLIST_FILE = YES;
				INFOPLIST_KEY_UIApplicationSceneManifest_Generation = YES;
				INFOPLIST_KEY_UIApplicationSupportsIndirectInputEvents = YES;
				INFOPLIST_KEY_UILaunchScreen_Generation = YES;
				INFOPLIST_KEY_UISupportedInterfaceOrientations = UIInterfaceOrientationPortrait;
				INFOPLIST_KEY_UISupportedInterfaceOrientations_iPad = "UIInterfaceOrientationPortrait UIInterfaceOrientationPortraitUpsideDown UIInterfaceOrientationLandscapeLeft UIInterfaceOrientationLandscapeRight";
				INFOPLIST_KEY_UISupportedInterfaceOrientations_iPhone = UIInterfaceOrientationPortrait;
				LD_RUNPATH_SEARCH_PATHS = (
					"$(inherited)",
					"@executable_path/Frameworks",
				);
				MARKETING_VERSION = 1.0;
				PRODUCT_BUNDLE_IDENTIFIER = io.cami.PINCH;
				PRODUCT_NAME = "$(TARGET_NAME)";
				SWIFT_EMIT_LOC_STRINGS = YES;
				SWIFT_VERSION = 5.0;
				TARGETED_DEVICE_FAMILY = "1,2";
			};
			name = Release;
		};
/* End XCBuildConfiguration section */

/* Begin XCConfigurationList section */
		363423BA28C5ABB4004E08D9 /* Build configuration list for PBXProject "PINCH" */ = {
			isa = XCConfigurationList;
			buildConfigurations = (
				363423CB28C5ABB8004E08D9 /* Debug */,
				363423CC28C5ABB8004E08D9 /* Release */,
			);
			defaultConfigurationIsVisible = 0;
			defaultConfigurationName = Release;
		};
		363423CD28C5ABB8004E08D9 /* Build configuration list for PBXNativeTarget "PINCH" */ = {
			isa = XCConfigurationList;
			buildConfigurations = (
				363423CE28C5ABB8004E08D9 /* Debug */,
				363423CF28C5ABB8004E08D9 /* Release */,
			);
			defaultConfigurationIsVisible = 0;
			defaultConfigurationName = Release;
		};
/* End XCConfigurationList section */
	};
	rootObject = 363423B728C5ABB4004E08D9 /* Project object */;
}
